
Microsoft Visual Studio Solution File, Format Version 12.00
# Visual Studio 15
VisualStudioVersion = 15.0.27130.2010
MinimumVisualStudioVersion = 10.0.40219.1
Project("{FAE04EC0-301F-11D3-BF4B-00C04F79EFBC}") = "Normalize", "Normalize\Normalize.csproj", "{3B07E409-7534-4E25-BD06-FD0D2724FDC9}"
EndProject
Project("{FAE04EC0-301F-11D3-BF4B-00C04F79EFBC}") = "Perceptron", "Perceptron\Perceptron.csproj", "{5EE846B3-6AB8-47AD-AABE-894FAD6AF9F3}"
EndProject
Project("{FAE04EC0-301F-11D3-BF4B-00C04F79EFBC}") = "ForwardFeedNeuralNetwork", "NeuralNetwork\ForwardFeedNeuralNetwork.csproj", "{CAA8D957-8FD4-4277-8B8B-42010DBFFA5C}"
EndProject
Project("{FAE04EC0-301F-11D3-BF4B-00C04F79EFBC}") = "BackPropagationNeuralNetwork", "BackPropagationNeuralNetwork\BackPropagationNeuralNetwork.csproj", "{7737A3F3-7C1E-489E-9DAA-A50B08ADFE09}"
EndProject
Global
	GlobalSection(SolutionConfigurationPlatforms) = preSolution
		Debug|Any CPU = Debug|Any CPU
		Release|Any CPU = Release|Any CPU
	EndGlobalSection
	GlobalSection(ProjectConfigurationPlatforms) = postSolution
		{3B07E409-7534-4E25-BD06-FD0D2724FDC9}.Debug|Any CPU.ActiveCfg = Debug|Any CPU
		{3B07E409-7534-4E25-BD06-FD0D2724FDC9}.Debug|Any CPU.Build.0 = Debug|Any CPU
		{3B07E409-7534-4E25-BD06-FD0D2724FDC9}.Release|Any CPU.ActiveCfg = Release|Any CPU
		{3B07E409-7534-4E25-BD06-FD0D2724FDC9}.Release|Any CPU.Build.0 = Release|Any CPU
		{5EE846B3-6AB8-47AD-AABE-894FAD6AF9F3}.Debug|Any CPU.ActiveCfg = Debug|Any CPU
		{5EE846B3-6AB8-47AD-AABE-894FAD6AF9F3}.Debug|Any CPU.Build.0 = Debug|Any CPU
		{5EE846B3-6AB8-47AD-AABE-894FAD6AF9F3}.Release|Any CPU.ActiveCfg = Release|Any CPU
		{5EE846B3-6AB8-47AD-AABE-894FAD6AF9F3}.Release|Any CPU.Build.0 = Release|Any CPU
		{CAA8D957-8FD4-4277-8B8B-42010DBFFA5C}.Debug|Any CPU.ActiveCfg = Debug|Any CPU
		{CAA8D957-8FD4-4277-8B8B-42010DBFFA5C}.Debug|Any CPU.Build.0 = Debug|Any CPU
		{CAA8D957-8FD4-4277-8B8B-42010DBFFA5C}.Release|Any CPU.ActiveCfg = Release|Any CPU
		{CAA8D957-8FD4-4277-8B8B-42010DBFFA5C}.Release|Any CPU.Build.0 = Release|Any CPU
		{7737A3F3-7C1E-489E-9DAA-A50B08ADFE09}.Debug|Any CPU.ActiveCfg = Debug|Any CPU
		{7737A3F3-7C1E-489E-9DAA-A50B08ADFE09}.Debug|Any CPU.Build.0 = Debug|Any CPU
		{7737A3F3-7C1E-489E-9DAA-A50B08ADFE09}.Release|Any CPU.ActiveCfg = Release|Any CPU
		{7737A3F3-7C1E-489E-9DAA-A50B08ADFE09}.Release|Any CPU.Build.0 = Release|Any CPU
	EndGlobalSection
	GlobalSection(SolutionProperties) = preSolution
		HideSolutionNode = FALSE
	EndGlobalSection
	GlobalSection(ExtensibilityGlobals) = postSolution
		SolutionGuid = {3C7535C9-6545-4766-8483-23DC8FAE7F2B}
	EndGlobalSection
EndGlobal
